
Microsoft Visual Studio Solution File, Format Version 12.00
# Visual Studio Version 17
VisualStudioVersion = 17.1.32328.378
MinimumVisualStudioVersion = 10.0.40219.1
Project("{9A19103F-16F7-4668-BE54-9A1E7A4F7556}") = "AnnalsMod", "AnnalsMod.csproj", "{11C09ECE-47C9-4727-BF4E-6D1F9D409A88}"
EndProject
Global
	GlobalSection(SolutionConfigurationPlatforms) = preSolution
		Debug|Any CPU = Debug|Any CPU
		Release|Any CPU = Release|Any CPU
	EndGlobalSection
	GlobalSection(ProjectConfigurationPlatforms) = postSolution
		{11C09ECE-47C9-4727-BF4E-6D1F9D409A88}.Debug|Any CPU.ActiveCfg = Debug|Any CPU
		{11C09ECE-47C9-4727-BF4E-6D1F9D409A88}.Debug|Any CPU.Build.0 = Debug|Any CPU
		{11C09ECE-47C9-4727-BF4E-6D1F9D409A88}.Release|Any CPU.ActiveCfg = Release|Any CPU
		{11C09ECE-47C9-4727-BF4E-6D1F9D409A88}.Release|Any CPU.Build.0 = Release|Any CPU
	EndGlobalSection
	GlobalSection(SolutionProperties) = preSolution
		HideSolutionNode = FALSE
	EndGlobalSection
	GlobalSection(ExtensibilityGlobals) = postSolution
		SolutionGuid = {2C8A1888-ED92-403D-A2F2-EF2EC9D4E268}
	EndGlobalSection
EndGlobal
